{
  "requires": true,
  "lockfileVersion": 1,
  "dependencies": {
    "@google/model-viewer": {
      "version": "0.0.7",
      "resolved": "https://registry.npmjs.org/@google/model-viewer/-/model-viewer-0.0.7.tgz",
      "integrity": "sha512-l8+2fRD564m0ALKUSNuj0pjhZhjsW52EcuyNFVBuKSkdcJwaMMkxtXFQkJBuiKBF/qGz2lvlNC1UeYgHGYlnMg==",
      "requires": {
        "@polymer/lit-element": "^0.6.2",
        "three": "^0.99.0"
      }
    },
    "@polymer/lit-element": {
      "version": "0.6.5",
      "resolved": "https://registry.npmjs.org/@polymer/lit-element/-/lit-element-0.6.5.tgz",
      "integrity": "sha512-KVjuU/5Ugp6PFob6YEe1/B4GCKjqhEy9Tj954shL6d3DohT2sNAmbX9QfbXvcZ8RhbVELK6dzbN3i2BRA3mOKg==",
      "requires": {
        "lit-html": "^1.0.0-rc.1"
      }
    },
    "@webcomponents/webcomponentsjs": {
      "version": "2.2.3",
      "resolved": "https://registry.npmjs.org/@webcomponents/webcomponentsjs/-/webcomponentsjs-2.2.3.tgz",
      "integrity": "sha512-8ndihKAmH01M1GifAxIwNMJU6yI2uFnMjm6rPvLxO4IG1nzeyOFJB1B2LQRHnx7ChQCKCLap2B18zIOVY4ROoQ=="
    },
    "fullscreen-polyfill": {
      "version": "1.0.2",
      "resolved": "https://registry.npmjs.org/fullscreen-polyfill/-/fullscreen-polyfill-1.0.2.tgz",
      "integrity": "sha512-E+GiRov/4L8hDQKo430ijaTFx4fM2ErBZMN0gzg3W1v0gJzG2bIvvcgNLV+kReF+f8vC++SzrzCzGsqDxGpEDA=="
    },
    "intersection-observer": {
      "version": "0.5.1",
      "resolved": "https://registry.npmjs.org/intersection-observer/-/intersection-observer-0.5.1.tgz",
      "integrity": "sha512-Zd7Plneq82kiXFixs7bX62YnuZ0BMRci9br7io88LwDyF3V43cQMI+G5IiTlTNTt+LsDUppl19J/M2Fp9UkH6g=="
    },
    "lit-html": {
      "version": "1.0.0-rc.2",
      "resolved": "https://registry.npmjs.org/lit-html/-/lit-html-1.0.0-rc.2.tgz",
      "integrity": "sha512-4bq34lhVmwWly1zBXicOBJLOwaWfjOVbchEEmFnZLuztxjh5wRd2WqV0URX8Q47MQ7PaIjn/eXyTRKsYhSAeRw=="
    },
    "resize-observer-polyfill": {
      "version": "1.5.1",
      "resolved": "https://registry.npmjs.org/resize-observer-polyfill/-/resize-observer-polyfill-1.5.1.tgz",
      "integrity": "sha512-LwZrotdHOo12nQuZlHEmtuXdqGoOD0OhaxopaNFxWzInpEgaLWoVuAMbTzixuosCx2nEG58ngzW3vxdWoxIgdg=="
    },
    "three": {
      "version": "0.99.0",
      "resolved": "https://registry.npmjs.org/three/-/three-0.99.0.tgz",
      "integrity": "sha512-DmNNq6H6nRGaqxScJ8x7v5VjdtDZR72oTVwDdKbB2BYNFxCkAoo9vdFAznEsMu9YzTV2yFvbVs7qHRzvJZzTIg=="
    }
  }
}
